// !$*UTF8*$!
{
	archiveVersion = 1;
	classes = {
	};
	objectVersion = 50;
	objects = {

/* Begin PBXBuildFile section */
		C29F058F20D0DCD600DAF600 /* AppDelegate.swift in Sources */ = {isa = PBXBuildFile; fileRef = C29F058E20D0DCD600DAF600 /* AppDelegate.swift */; };
		C29F059120D0DCD700DAF600 /* ViewController.swift in Sources */ = {isa = PBXBuildFile; fileRef = C29F059020D0DCD700DAF600 /* ViewController.swift */; };
		C29F059420D0DCD700DAF600 /* Main.storyboard in Resources */ = {isa = PBXBuildFile; fileRef = C29F059220D0DCD700DAF600 /* Main.storyboard */; };
		C29F059620D0DCD800DAF600 /* Assets.xcassets in Resources */ = {isa = PBXBuildFile; fileRef = C29F059520D0DCD800DAF600 /* Assets.xcassets */; };
		C29F059920D0DCD800DAF600 /* LaunchScreen.storyboard in Resources */ = {isa = PBXBuildFile; fileRef = C29F059720D0DCD800DAF600 /* LaunchScreen.storyboard */; };
/* End PBXBuildFile section */

/* Begin PBXFileReference section */
		C29F058B20D0DCD600DAF600 /* About Me.app */ = {isa = PBXFileReference; explicitFileType = wrapper.application; includeInIndex = 0; path = "About Me.app"; sourceTree = BUILT_PRODUCTS_DIR; };
		C29F058E20D0DCD600DAF600 /* AppDelegate.swift */ = {isa = PBXFileReference; lastKnownFileType = sourcecode.swift; path = AppDelegate.swift; sourceTree = "<group>"; };
		C29F059020D0DCD700DAF600 /* ViewController.swift */ = {isa = PBXFileReference; lastKnownFileType = sourcecode.swift; path = ViewController.swift; sourceTree = "<group>"; };
		C29F059320D0DCD700DAF600 /* Base */ = {isa = PBXFileReference; lastKnownFileType = file.storyboard; name = Base; path = Base.lproj/Main.storyboard; sourceTree = "<group>"; };
		C29F059520D0DCD800DAF600 /* Assets.xcassets */ = {isa = PBXFileReference; lastKnownFileType = folder.assetcatalog; path = Assets.xcassets; sourceTree = "<group>"; };
		C29F059820D0DCD800DAF600 /* Base */ = {isa = PBXFileReference; lastKnownFileType = file.storyboard; name = Base; path = Base.lproj/LaunchScreen.storyboard; sourceTree = "<group>"; };
		C29F059A20D0DCD800DAF600 /* Info.plist */ = {isa = PBXFileReference; lastKnownFileType = text.plist.xml; path = Info.plist; sourceTree = "<group>"; };
/* End PBXFileReference section */

/* Begin PBXFrameworksBuildPhase section */
		C29F058820D0DCD600DAF600 /* Frameworks */ = {
			isa = PBXFrameworksBuildPhase;
			buildActionMask = 2147483647;
			files = (
			);
			runOnlyForDeploymentPostprocessing = 0;
		};
/* End PBXFrameworksBuildPhase section */

/* Begin PBXGroup section */
		C29F058220D0DCD600DAF600 = {
			isa = PBXGroup;
			children = (
				C29F058D20D0DCD600DAF600 /* About Me */,
				C29F058C20D0DCD600DAF600 /* Products */,
			);
			sourceTree = "<group>";
		};
		C29F058C20D0DCD600DAF600 /* Products */ = {
			isa = PBXGroup;
			children = (
				C29F058B20D0DCD600DAF600 /* About Me.app */,
			);
			name = Products;
			sourceTree = "<group>";
		};
		C29F058D20D0DCD600DAF600 /* About Me */ = {
			isa = PBXGroup;
			children = (
				C29F058E20D0DCD600DAF600 /* AppDelegate.swift */,
				C29F059020D0DCD700DAF600 /* ViewController.swift */,
				C29F059220D0DCD700DAF600 /* Main.storyboard */,
				C29F059520D0DCD800DAF600 /* Assets.xcassets */,
				C29F059720D0DCD800DAF600 /* LaunchScreen.storyboard */,
				C29F059A20D0DCD800DAF600 /* Info.plist */,
			);
			path = "About Me";
			sourceTree = "<group>";
		};
/* End PBXGroup section */

/* Begin PBXNativeTarget section */
		C29F058A20D0DCD600DAF600 /* About Me */ = {
			isa = PBXNativeTarget;
			buildConfigurationList = C29F059D20D0DCD800DAF600 /* Build configuration list for PBXNativeTarget "About Me" */;
			buildPhases = (
				C29F058720D0DCD600DAF600 /* Sources */,
				C29F058820D0DCD600DAF600 /* Frameworks */,
				C29F058920D0DCD600DAF600 /* Resources */,
			);
			buildRules = (
			);
			dependencies = (
			);
			name = "About Me";
			productName = "About Me";
			productReference = C29F058B20D0DCD600DAF600 /* About Me.app */;
			productType = "com.apple.product-type.application";
		};
/* End PBXNativeTarget section */

/* Begin PBXProject section */
		C29F058320D0DCD600DAF600 /* Project object */ = {
			isa = PBXProject;
			attributes = {
				LastSwiftUpdateCheck = 0940;
				LastUpgradeCheck = 0940;
				ORGANIZATIONNAME = Do;
				TargetAttributes = {
					C29F058A20D0DCD600DAF600 = {
						CreatedOnToolsVersion = 9.4;
					};
				};
			};
			buildConfigurationList = C29F058620D0DCD600DAF600 /* Build configuration list for PBXProject "About Me" */;
			compatibilityVersion = "Xcode 9.3";
			developmentRegion = en;
			hasScannedForEncodings = 0;
			knownRegions = (
				en,
				Base,
			);
			mainGroup = C29F058220D0DCD600DAF600;
			productRefGroup = C29F058C20D0DCD600DAF600 /* Products */;
			projectDirPath = "";
			projectRoot = "";
			targets = (
				C29F058A20D0DCD600DAF600 /* About Me */,
			);
		};
/* End PBXProject section */

/* Begin PBXResourcesBuildPhase section */
		C29F058920D0DCD600DAF600 /* Resources */ = {
			isa = PBXResourcesBuildPhase;
			buildActionMask = 2147483647;
			files = (
				C29F059920D0DCD800DAF600 /* LaunchScreen.storyboard in Resources */,
				C29F059620D0DCD800DAF600 /* Assets.xcassets in Resources */,
				C29F059420D0DCD700DAF600 /* Main.storyboard in Resources */,
			);
			runOnlyForDeploymentPostprocessing = 0;
		};
/* End PBXResourcesBuildPhase section */

/* Begin PBXSourcesBuildPhase section */
		C29F058720D0DCD600DAF600 /* Sources */ = {
			isa = PBXSourcesBuildPhase;
			buildActionMask = 2147483647;
			files = (
				C29F059120D0DCD700DAF600 /* ViewController.swift in Sources */,
				C29F058F20D0DCD600DAF600 /* AppDelegate.swift in Sources */,
			);
			runOnlyForDeploymentPostprocessing = 0;
		};
/* End PBXSourcesBuildPhase section */

/* Begin PBXVariantGroup section */
		C29F059220D0DCD700DAF600 /* Main.storyboard */ = {
			isa = PBXVariantGroup;
			children = (
				C29F059320D0DCD700DAF600 /* Base */,
			);
			name = Main.storyboard;
			sourceTree = "<group>";
		};
		C29F059720D0DCD800DAF600 /* LaunchScreen.storyboard */ = {
			isa = PBXVariantGroup;
			children = (
				C29F059820D0DCD800DAF600 /* Base */,
			);
			name = LaunchScreen.storyboard;
			sourceTree = "<group>";
		};
/* End PBXVariantGroup section */

/* Begin XCBuildConfiguration section */
		C29F059B20D0DCD800DAF600 /* Debug */ = {
			isa = XCBuildConfiguration;
			buildSettings = {
				ALWAYS_SEARCH_USER_PATHS = NO;
				CLANG_ANALYZER_NONNULL = YES;
				CLANG_ANALYZER_NUMBER_OBJECT_CONVERSION = YES_AGGRESSIVE;
				CLANG_CXX_LANGUAGE_STANDARD = "gnu++14";
				CLANG_CXX_LIBRARY = "libc++";
				CLANG_ENABLE_MODULES = YES;
				CLANG_ENABLE_OBJC_ARC = YES;
				CLANG_ENABLE_OBJC_WEAK = YES;
				CLANG_WARN_BLOCK_CAPTURE_AUTORELEASING = YES;
				CLANG_WARN_BOOL_CONVERSION = YES;
				CLANG_WARN_COMMA = YES;
				CLANG_WARN_CONSTANT_CONVERSION = YES;
				CLANG_WARN_DEPRECATED_OBJC_IMPLEMENTATIONS = YES;
				CLANG_WARN_DIRECT_OBJC_ISA_USAGE = YES_ERROR;
				CLANG_WARN_DOCUMENTATION_COMMENTS = YES;
				CLANG_WARN_EMPTY_BODY = YES;
				CLANG_WARN_ENUM_CONVERSION = YES;
				CLANG_WARN_INFINITE_RECURSION = YES;
				CLANG_WARN_INT_CONVERSION = YES;
				CLANG_WARN_NON_LITERAL_NULL_CONVERSION = YES;
				CLANG_WARN_OBJC_IMPLICIT_RETAIN_SELF = YES;
				CLANG_WARN_OBJC_LITERAL_CONVERSION = YES;
				CLANG_WARN_OBJC_ROOT_CLASS = YES_ERROR;
				CLANG_WARN_RANGE_LOOP_ANALYSIS = YES;
				CLANG_WARN_STRICT_PROTOTYPES = YES;
				CLANG_WARN_SUSPICIOUS_MOVE = YES;
				CLANG_WARN_UNGUARDED_AVAILABILITY = YES_AGGRESSIVE;
				CLANG_WARN_UNREACHABLE_CODE = YES;
				CLANG_WARN__DUPLICATE_METHOD_MATCH = YES;
				CODE_SIGN_IDENTITY = "iPhone Developer";
				COPY_PHASE_STRIP = NO;
				DEBUG_INFORMATION_FORMAT = dwarf;
				ENABLE_STRICT_OBJC_MSGSEND = YES;
				ENABLE_TESTABILITY = YES;
				GCC_C_LANGUAGE_STANDARD = gnu11;
				GCC_DYNAMIC_NO_PIC = NO;
				GCC_NO_COMMON_BLOCKS = YES;
				GCC_OPTIMIZATION_LEVEL = 0;
				GCC_PREPROCESSOR_DEFINITIONS = (
					"DEBUG=1",
					"$(inherited)",
				);
				GCC_WARN_64_TO_32_BIT_CONVERSION = YES;
				GCC_WARN_ABOUT_RETURN_TYPE = YES_ERROR;
				GCC_WARN_UNDECLARED_SELECTOR = YES;
				GCC_WARN_UNINITIALIZED_AUTOS = YES_AGGRESSIVE;
				GCC_WARN_UNUSED_FUNCTION = YES;
				GCC_WARN_UNUSED_VARIABLE = YES;
				IPHONEOS_DEPLOYMENT_TARGET = 11.4;
				MTL_ENABLE_DEBUG_INFO = YES;
				ONLY_ACTIVE_ARCH = YES;
				SDKROOT = iphoneos;
				SWIFT_ACTIVE_COMPILATION_CONDITIONS = DEBUG;
				SWIFT_OPTIMIZATION_LEVEL = "-Onone";
			};
			name = Debug;
		};
		C29F059C20D0DCD800DAF600 /* Release */ = {
			isa = XCBuildConfiguration;
			buildSettings = {
				ALWAYS_SEARCH_USER_PATHS = NO;
				CLANG_ANALYZER_NONNULL = YES;
				CLANG_ANALYZER_NUMBER_OBJECT_CONVERSION = YES_AGGRESSIVE;
				CLANG_CXX_LANGUAGE_STANDARD = "gnu++14";
				CLANG_CXX_LIBRARY = "libc++";
				CLANG_ENABLE_MODULES = YES;
				CLANG_ENABLE_OBJC_ARC = YES;
				CLANG_ENABLE_OBJC_WEAK = YES;
				CLANG_WARN_BLOCK_CAPTURE_AUTORELEASING = YES;
				CLANG_WARN_BOOL_CONVERSION = YES;
				CLANG_WARN_COMMA = YES;
				CLANG_WARN_CONSTANT_CONVERSION = YES;
				CLANG_WARN_DEPRECATED_OBJC_IMPLEMENTATIONS = YES;
				CLANG_WARN_DIRECT_OBJC_ISA_USAGE = YES_ERROR;
				CLANG_WARN_DOCUMENTATION_COMMENTS = YES;
				CLANG_WARN_EMPTY_BODY = YES;
				CLANG_WARN_ENUM_CONVERSION = YES;
				CLANG_WARN_INFINITE_RECURSION = YES;
				CLANG_WARN_INT_CONVERSION = YES;
				CLANG_WARN_NON_LITERAL_NULL_CONVERSION = YES;
				CLANG_WARN_OBJC_IMPLICIT_RETAIN_SELF = YES;
				CLANG_WARN_OBJC_LITERAL_CONVERSION = YES;
				CLANG_WARN_OBJC_ROOT_CLASS = YES_ERROR;
				CLANG_WARN_RANGE_LOOP_ANALYSIS = YES;
				CLANG_WARN_STRICT_PROTOTYPES = YES;
				CLANG_WARN_SUSPICIOUS_MOVE = YES;
				CLANG_WARN_UNGUARDED_AVAILABILITY = YES_AGGRESSIVE;
				CLANG_WARN_UNREACHABLE_CODE = YES;
				CLANG_WARN__DUPLICATE_METHOD_MATCH = YES;
				CODE_SIGN_IDENTITY = "iPhone Developer";
				COPY_PHASE_STRIP = NO;
				DEBUG_INFORMATION_FORMAT = "dwarf-with-dsym";
				ENABLE_NS_ASSERTIONS = NO;
				ENABLE_STRICT_OBJC_MSGSEND = YES;
				GCC_C_LANGUAGE_STANDARD = gnu11;
				GCC_NO_COMMON_BLOCKS = YES;
				GCC_WARN_64_TO_32_BIT_CONVERSION = YES;
				GCC_WARN_ABOUT_RETURN_TYPE = YES_ERROR;
				GCC_WARN_UNDECLARED_SELECTOR = YES;
				GCC_WARN_UNINITIALIZED_AUTOS = YES_AGGRESSIVE;
				GCC_WARN_UNUSED_FUNCTION = YES;
				GCC_WARN_UNUSED_VARIABLE = YES;
				IPHONEOS_DEPLOYMENT_TARGET = 11.4;
				MTL_ENABLE_DEBUG_INFO = NO;
				SDKROOT = iphoneos;
				SWIFT_COMPILATION_MODE = wholemodule;
				SWIFT_OPTIMIZATION_LEVEL = "-O";
				VALIDATE_PRODUCT = YES;
			};
			name = Release;
		};
		C29F059E20D0DCD800DAF600 /* Debug */ = {
			isa = XCBuildConfiguration;
			buildSettings = {
				ASSETCATALOG_COMPILER_APPICON_NAME = AppIcon;
				CODE_SIGN_STYLE = Automatic;
				DEVELOPMENT_TEAM = 7G779957PN;
				INFOPLIST_FILE = "About Me/Info.plist";
				LD_RUNPATH_SEARCH_PATHS = (
					"$(inherited)",
					"@executable_path/Frameworks",
				);
				PRODUCT_BUNDLE_IDENTIFIER = "com.doyoung.About-Me";
				PRODUCT_NAME = "$(TARGET_NAME)";
				SWIFT_VERSION = 4.0;
				TARGETED_DEVICE_FAMILY = "1,2";
			};
			name = Debug;
		};
		C29F059F20D0DCD800DAF600 /* Release */ = {
			isa = XCBuildConfiguration;
			buildSettings = {
				ASSETCATALOG_COMPILER_APPICON_NAME = AppIcon;
				CODE_SIGN_STYLE = Automatic;
				DEVELOPMENT_TEAM = 7G779957PN;
				INFOPLIST_FILE = "About Me/Info.plist";
				LD_RUNPATH_SEARCH_PATHS = (
					"$(inherited)",
					"@executable_path/Frameworks",
				);
				PRODUCT_BUNDLE_IDENTIFIER = "com.doyoung.About-Me";
				PRODUCT_NAME = "$(TARGET_NAME)";
				SWIFT_VERSION = 4.0;
				TARGETED_DEVICE_FAMILY = "1,2";
			};
			name = Release;
		};
/* End XCBuildConfiguration section */

/* Begin XCConfigurationList section */
		C29F058620D0DCD600DAF600 /* Build configuration list for PBXProject "About Me" */ = {
			isa = XCConfigurationList;
			buildConfigurations = (
				C29F059B20D0DCD800DAF600 /* Debug */,
				C29F059C20D0DCD800DAF600 /* Release */,
			);
			defaultConfigurationIsVisible = 0;
			defaultConfigurationName = Release;
		};
		C29F059D20D0DCD800DAF600 /* Build configuration list for PBXNativeTarget "About Me" */ = {
			isa = XCConfigurationList;
			buildConfigurations = (
				C29F059E20D0DCD800DAF600 /* Debug */,
				C29F059F20D0DCD800DAF600 /* Release */,
			);
			defaultConfigurationIsVisible = 0;
			defaultConfigurationName = Release;
		};
/* End XCConfigurationList section */
	};
	rootObject = C29F058320D0DCD600DAF600 /* Project object */;
}
